<?xml version="1.0" encoding="utf-8"?>
<Project ToolsVersion="4.0" xmlns="http://schemas.microsoft.com/developer/msbuild/2003">
  <ItemGroup>
    <Filter Include="Source Files">
      <UniqueIdentifier>{4FC737F1-C7A5-4376-A066-2A32D752A2FF}</UniqueIdentifier>
      <Extensions>cpp;c;cc;cxx;def;odl;idl;hpj;bat;asm;asmx</Extensions>
    </Filter>
    <Filter Include="Header Files">
      <UniqueIdentifier>{93995380-89BD-4b04-88EB-625FBE52EBFB}</UniqueIdentifier>
      <Extensions>h;hpp;hxx;hm;inl;inc;xsd</Extensions>
    </Filter>
    <Filter Include="Resource Files">
      <UniqueIdentifier>{67DA6AB6-F800-4c08-8B7A-83BB121AAD01}</UniqueIdentifier>
      <Extensions>rc;ico;cur;bmp;dlg;rc2;rct;bin;rgs;gif;jpg;jpeg;jpe;resx;tiff;tif;png;wav;mfcribbon-ms</Extensions>
    </Filter>
    <Filter Include="point">
      <UniqueIdentifier>{42fce8c4-daa9-4a03-a442-ed0d2da3f2ee}</UniqueIdentifier>
    </Filter>
  </ItemGroup>
  <ItemGroup>
    <None Include="ReadMe.txt" />
    <None Include="res\BEOPWatch.rc2">
      <Filter>Resource Files</Filter>
    </None>
    <None Include="res\BEOPWatch.ico">
      <Filter>Resource Files</Filter>
    </None>
    <None Include="res\icon1.ico">
      <Filter>Resource Files</Filter>
    </None>
    <None Include="res\icon2.ico">
      <Filter>Resource Files</Filter>
    </None>
    <None Include="res\BEOPWatch1.ico">
      <Filter>Resource Files</Filter>
    </None>
    <None Include="res\111.ico">
      <Filter>Resource Files</Filter>
    </None>
    <None Include="res\222.ico">
      <Filter>Resource Files</Filter>
    </None>
    <None Include="C:\Users\luo\Desktop\Online.png">
      <Filter>Resource Files</Filter>
    </None>
    <None Include="res\online.ico">
      <Filter>Resource Files</Filter>
    </None>
    <None Include="res\offline.ico">
      <Filter>Resource Files</Filter>
    </None>
  </ItemGroup>
  <ItemGroup>
    <ClInclude Include="BEOPWatch.h">
      <Filter>Header Files</Filter>
    </ClInclude>
    <ClInclude Include="BEOPWatchDlg.h">
      <Filter>Header Files</Filter>
    </ClInclude>
    <ClInclude Include="stdafx.h">
      <Filter>Header Files</Filter>
    </ClInclude>
    <ClInclude Include="targetver.h">
      <Filter>Header Files</Filter>
    </ClInclude>
    <ClInclude Include="Resource.h">
      <Filter>Header Files</Filter>
    </ClInclude>
    <ClInclude Include="ProcessView.h">
      <Filter>Header Files</Filter>
    </ClInclude>
    <ClInclude Include="tcp\TcpClient.h">
      <Filter>Header Files</Filter>
    </ClInclude>
    <ClInclude Include="tcp\TCPDataSender.h">
      <Filter>Header Files</Filter>
    </ClInclude>
    <ClInclude Include="tcp\ComInterface.h">
      <Filter>Header Files</Filter>
    </ClInclude>
    <ClInclude Include="tcp\DTUSender.h">
      <Filter>Header Files</Filter>
    </ClInclude>
    <ClInclude Include="tcp\PackageTypeDefine.h">
      <Filter>Header Files</Filter>
    </ClInclude>
    <ClInclude Include="Zip\unzip.h">
      <Filter>Header Files</Filter>
    </ClInclude>
    <ClInclude Include="Zip\zip.h">
      <Filter>Header Files</Filter>
    </ClInclude>
    <ClInclude Include="Zip\zlib.h">
      <Filter>Header Files</Filter>
    </ClInclude>
    <ClInclude Include="Zip\zconf.h">
      <Filter>Header Files</Filter>
    </ClInclude>
    <ClInclude Include="db\BEOPDataBaseInfo.h">
      <Filter>Header Files</Filter>
    </ClInclude>
    <ClInclude Include="db\DatabaseSession.h">
      <Filter>Header Files</Filter>
    </ClInclude>
    <ClInclude Include="db\DataHandler.h">
      <Filter>Header Files</Filter>
    </ClInclude>
    <ClInclude Include="db\DBInterfaceExp.h">
      <Filter>Header Files</Filter>
    </ClInclude>
    <ClInclude Include="db\DBInterfaceImp.h">
      <Filter>Header Files</Filter>
    </ClInclude>
    <ClInclude Include="db\ExportDataAccess.h">
      <Filter>Header Files</Filter>
    </ClInclude>
    <ClInclude Include="tcp\ExcelOperator.h">
      <Filter>Header Files</Filter>
    </ClInclude>
    <ClInclude Include="point\DataPointEntry.h">
      <Filter>point</Filter>
    </ClInclude>
    <ClInclude Include="point\DataPointManager.h">
      <Filter>point</Filter>
    </ClInclude>
    <ClInclude Include="point\sqlite\ParseStringParam3.h">
      <Filter>point</Filter>
    </ClInclude>
    <ClInclude Include="point\sqlite\sqlite3.h">
      <Filter>point</Filter>
    </ClInclude>
    <ClInclude Include="point\sqlite\sqlite3ext.h">
      <Filter>point</Filter>
    </ClInclude>
    <ClInclude Include="point\sqlite\SqliteAcess.h">
      <Filter>point</Filter>
    </ClInclude>
    <ClInclude Include="DumpFile.h">
      <Filter>Header Files</Filter>
    </ClInclude>
    <ClInclude Include="ToolsFunction.h">
      <Filter>Header Files</Filter>
    </ClInclude>
    <ClInclude Include="tcp\DogTcpCtrl.h">
      <Filter>Header Files</Filter>
    </ClInclude>
    <ClInclude Include="PingIcmp.h">
      <Filter>Header Files</Filter>
    </ClInclude>
    <ClInclude Include="tcp\TelnetTcpCtrl.h">
      <Filter>Header Files</Filter>
    </ClInclude>
    <ClInclude Include="LogicBase.h">
      <Filter>Header Files</Filter>
    </ClInclude>
    <ClInclude Include="tcp\CSVParser.h">
      <Filter>Header Files</Filter>
    </ClInclude>
  </ItemGroup>
  <ItemGroup>
    <ClCompile Include="BEOPWatch.cpp">
      <Filter>Source Files</Filter>
    </ClCompile>
    <ClCompile Include="BEOPWatchDlg.cpp">
      <Filter>Source Files</Filter>
    </ClCompile>
    <ClCompile Include="stdafx.cpp">
      <Filter>Source Files</Filter>
    </ClCompile>
    <ClCompile Include="ProcessView.cpp">
      <Filter>Source Files</Filter>
    </ClCompile>
    <ClCompile Include="tcp\TcpClient.cpp">
      <Filter>Source Files</Filter>
    </ClCompile>
    <ClCompile Include="tcp\TCPDataSender.cpp">
      <Filter>Source Files</Filter>
    </ClCompile>
    <ClCompile Include="tcp\ComInterface.cpp">
      <Filter>Source Files</Filter>
    </ClCompile>
    <ClCompile Include="tcp\DTUSender.cpp">
      <Filter>Source Files</Filter>
    </ClCompile>
    <ClCompile Include="tcp\PackageTypeDefine.cpp">
      <Filter>Source Files</Filter>
    </ClCompile>
    <ClCompile Include="Zip\unzip.cpp">
      <Filter>Source Files</Filter>
    </ClCompile>
    <ClCompile Include="Zip\zip.cpp">
      <Filter>Source Files</Filter>
    </ClCompile>
    <ClCompile Include="db\DatabaseSession.cpp">
      <Filter>Source Files</Filter>
    </ClCompile>
    <ClCompile Include="db\DataHandler.cpp">
      <Filter>Source Files</Filter>
    </ClCompile>
    <ClCompile Include="tcp\ExcelOperator.cpp">
      <Filter>Source Files</Filter>
    </ClCompile>
    <ClCompile Include="point\DataPointEntry.cpp">
      <Filter>point</Filter>
    </ClCompile>
    <ClCompile Include="point\DataPointManager.cpp">
      <Filter>point</Filter>
    </ClCompile>
    <ClCompile Include="point\sqlite\ParseStringParam3.cpp">
      <Filter>point</Filter>
    </ClCompile>
    <ClCompile Include="point\sqlite\SqliteAcess.cpp">
      <Filter>point</Filter>
    </ClCompile>
    <ClCompile Include="ToolsFunction.cpp">
      <Filter>Source Files</Filter>
    </ClCompile>
    <ClCompile Include="tcp\DogTcpCtrl.cpp">
      <Filter>Source Files</Filter>
    </ClCompile>
    <ClCompile Include="PingIcmp.cpp">
      <Filter>Source Files</Filter>
    </ClCompile>
    <ClCompile Include="tcp\TelnetTcpCtrl.cpp">
      <Filter>Source Files</Filter>
    </ClCompile>
    <ClCompile Include="tcp\CSVParser.cpp">
      <Filter>Source Files</Filter>
    </ClCompile>
  </ItemGroup>
  <ItemGroup>
    <ResourceCompile Include="BEOPWatch.rc">
      <Filter>Resource Files</Filter>
    </ResourceCompile>
  </ItemGroup>
</Project>